
Microsoft Visual Studio Solution File, Format Version 12.00
# Visual Studio Version 16
VisualStudioVersion = 16.0.30503.244
MinimumVisualStudioVersion = 10.0.40219.1
Project("{FAE04EC0-301F-11D3-BF4B-00C04F79EFBC}") = "FoodApp", "FoodApp\FoodApp.csproj", "{9E495E3F-D936-4D30-B1A0-CD406A35F23B}"
EndProject
Global
	GlobalSection(SolutionConfigurationPlatforms) = preSolution
		Debug|Any CPU = Debug|Any CPU
		Release|Any CPU = Release|Any CPU
	EndGlobalSection
	GlobalSection(ProjectConfigurationPlatforms) = postSolution
		{9E495E3F-D936-4D30-B1A0-CD406A35F23B}.Debug|Any CPU.ActiveCfg = Debug|Any CPU
		{9E495E3F-D936-4D30-B1A0-CD406A35F23B}.Debug|Any CPU.Build.0 = Debug|Any CPU
		{9E495E3F-D936-4D30-B1A0-CD406A35F23B}.Release|Any CPU.ActiveCfg = Release|Any CPU
		{9E495E3F-D936-4D30-B1A0-CD406A35F23B}.Release|Any CPU.Build.0 = Release|Any CPU
	EndGlobalSection
	GlobalSection(SolutionProperties) = preSolution
		HideSolutionNode = FALSE
	EndGlobalSection
	GlobalSection(ExtensibilityGlobals) = postSolution
		SolutionGuid = {A68D6AA9-DFDD-4742-B53D-EDC9636012FC}
	EndGlobalSection
EndGlobal
